
Microsoft Visual Studio Solution File, Format Version 12.00
# Visual Studio Version 17
VisualStudioVersion = 17.3.32929.385
MinimumVisualStudioVersion = 10.0.40219.1
Project("{FAE04EC0-301F-11D3-BF4B-00C04F79EFBC}") = "Delegate", "Delegate\Delegate.csproj", "{7A71E331-A832-4529-93D0-EE67E499E23B}"
EndProject
Global
	GlobalSection(SolutionConfigurationPlatforms) = preSolution
		Debug|Any CPU = Debug|Any CPU
		Release|Any CPU = Release|Any CPU
	EndGlobalSection
	GlobalSection(ProjectConfigurationPlatforms) = postSolution
		{7A71E331-A832-4529-93D0-EE67E499E23B}.Debug|Any CPU.ActiveCfg = Debug|Any CPU
		{7A71E331-A832-4529-93D0-EE67E499E23B}.Debug|Any CPU.Build.0 = Debug|Any CPU
		{7A71E331-A832-4529-93D0-EE67E499E23B}.Release|Any CPU.ActiveCfg = Release|Any CPU
		{7A71E331-A832-4529-93D0-EE67E499E23B}.Release|Any CPU.Build.0 = Release|Any CPU
	EndGlobalSection
	GlobalSection(SolutionProperties) = preSolution
		HideSolutionNode = FALSE
	EndGlobalSection
	GlobalSection(ExtensibilityGlobals) = postSolution
		SolutionGuid = {6F0D52C6-0910-4A0E-B0DE-7B825F55E30A}
	EndGlobalSection
EndGlobal
